{
  "name": "monkey-patch",
  "version": "1.0.0",
  "lockfileVersion": 2,
  "requires": true,
  "packages": {
    "": {
      "name": "monkey-patch",
      "version": "1.0.0",
      "license": "ISC",
      "dependencies": {
        "@jellybeanci/int": "^0.1.1",
        "fast-equals": "^3.0.0"
      },
      "devDependencies": {
        "@types/abbrev": "^1.1.2",
        "abbrev": "^1.1.1"
      }
    },
    "node_modules/@jellybeanci/int": {
      "version": "0.1.1",
      "resolved": "https://registry.npmjs.org/@jellybeanci/int/-/int-0.1.1.tgz",
      "integrity": "sha512-3tPNsOiRGEcF6jyDUNvOXwuq2Y7dP6lTgHvRd0uO9YQzWWqT4+oi/pELiAm9H+E0fnoYNfNsQL/m/KdnNN0W3w=="
    },
    "node_modules/@types/abbrev": {
      "version": "1.1.2",
      "resolved": "https://registry.npmjs.org/@types/abbrev/-/abbrev-1.1.2.tgz",
      "integrity": "sha512-GlJGHkAbQwBVHHJtFcjZzL9q+cKJvyPwKUXez8s+07VdGUKpyOuM2tiHPqE2gbU4+NIn2wou0o3PWhSEa2Ybeg==",
      "dev": true
    },
    "node_modules/abbrev": {
      "version": "1.1.1",
      "resolved": "https://registry.npmjs.org/abbrev/-/abbrev-1.1.1.tgz",
      "integrity": "sha512-nne9/IiQ/hzIhY6pdDnbBtz7DjPTKrY00P/zvPSm5pOFkl6xuGrGnXn/VtTNNfNtAfZ9/1RtehkszU9qcTii0Q==",
      "dev": true
    },
    "node_modules/fast-equals": {
      "version": "3.0.0",
      "resolved": "https://registry.npmjs.org/fast-equals/-/fast-equals-3.0.0.tgz",
      "integrity": "sha512-Af7nSOpf7617idrFg0MJY6x7yVDPoO80aSwtKTC0afT8B/SsmvTpA+2a+uPLmhVF5IHmY5NPuBAA3dJrp55rJA=="
    }
  },
  "dependencies": {
    "@jellybeanci/int": {
      "version": "0.1.1",
      "resolved": "https://registry.npmjs.org/@jellybeanci/int/-/int-0.1.1.tgz",
      "integrity": "sha512-3tPNsOiRGEcF6jyDUNvOXwuq2Y7dP6lTgHvRd0uO9YQzWWqT4+oi/pELiAm9H+E0fnoYNfNsQL/m/KdnNN0W3w=="
    },
    "@types/abbrev": {
      "version": "1.1.2",
      "resolved": "https://registry.npmjs.org/@types/abbrev/-/abbrev-1.1.2.tgz",
      "integrity": "sha512-GlJGHkAbQwBVHHJtFcjZzL9q+cKJvyPwKUXez8s+07VdGUKpyOuM2tiHPqE2gbU4+NIn2wou0o3PWhSEa2Ybeg==",
      "dev": true
    },
    "abbrev": {
      "version": "1.1.1",
      "resolved": "https://registry.npmjs.org/abbrev/-/abbrev-1.1.1.tgz",
      "integrity": "sha512-nne9/IiQ/hzIhY6pdDnbBtz7DjPTKrY00P/zvPSm5pOFkl6xuGrGnXn/VtTNNfNtAfZ9/1RtehkszU9qcTii0Q==",
      "dev": true
    },
    "fast-equals": {
      "version": "3.0.0",
      "resolved": "https://registry.npmjs.org/fast-equals/-/fast-equals-3.0.0.tgz",
      "integrity": "sha512-Af7nSOpf7617idrFg0MJY6x7yVDPoO80aSwtKTC0afT8B/SsmvTpA+2a+uPLmhVF5IHmY5NPuBAA3dJrp55rJA=="
    }
  }
}
